
Microsoft Visual Studio Solution File, Format Version 12.00
# Visual Studio Version 17
VisualStudioVersion = 17.6.33829.357
MinimumVisualStudioVersion = 10.0.40219.1
Project("{FAE04EC0-301F-11D3-BF4B-00C04F79EFBC}") = "Umed_Alif_Academy_Day_9_HW_9", "Umed_Alif_Academy_Day_9_HW_9.csproj", "{4B03467A-2E2D-4CAC-84BF-AD3B85FC0228}"
EndProject
Global
	GlobalSection(SolutionConfigurationPlatforms) = preSolution
		Debug|Any CPU = Debug|Any CPU
		Release|Any CPU = Release|Any CPU
	EndGlobalSection
	GlobalSection(ProjectConfigurationPlatforms) = postSolution
		{4B03467A-2E2D-4CAC-84BF-AD3B85FC0228}.Debug|Any CPU.ActiveCfg = Debug|Any CPU
		{4B03467A-2E2D-4CAC-84BF-AD3B85FC0228}.Debug|Any CPU.Build.0 = Debug|Any CPU
		{4B03467A-2E2D-4CAC-84BF-AD3B85FC0228}.Release|Any CPU.ActiveCfg = Release|Any CPU
		{4B03467A-2E2D-4CAC-84BF-AD3B85FC0228}.Release|Any CPU.Build.0 = Release|Any CPU
	EndGlobalSection
	GlobalSection(SolutionProperties) = preSolution
		HideSolutionNode = FALSE
	EndGlobalSection
	GlobalSection(ExtensibilityGlobals) = postSolution
		SolutionGuid = {E51DC623-7BD5-4B3E-96D7-D0718530D3DA}
	EndGlobalSection
EndGlobal
